
Microsoft Visual Studio Solution File, Format Version 12.00
# Visual Studio Version 17
VisualStudioVersion = 17.10.35013.160
MinimumVisualStudioVersion = 10.0.40219.1
Project("{FAE04EC0-301F-11D3-BF4B-00C04F79EFBC}") = "OrderApi.Domain", "OrderApi.Domain\OrderApi.Domain.csproj", "{9B0F384F-AC90-4423-9542-C99322D7983B}"
EndProject
Project("{FAE04EC0-301F-11D3-BF4B-00C04F79EFBC}") = "OrderApi.Application", "OrderApi.Application\OrderApi.Application.csproj", "{D3D3E79F-5DD6-45D3-B05B-72F954105338}"
EndProject
Project("{FAE04EC0-301F-11D3-BF4B-00C04F79EFBC}") = "OrderApi.Infrastructure", "OrderApi.infrastructure\OrderApi.Infrastructure.csproj", "{CECF2855-BADF-4DB2-968F-21981ADBD58D}"
EndProject
Project("{FAE04EC0-301F-11D3-BF4B-00C04F79EFBC}") = "OrderApi.Presentation", "OrderApi.Presentation\OrderApi.Presentation.csproj", "{FFF4C765-592A-46F8-A378-674794DB0D58}"
EndProject
Project("{9A19103F-16F7-4668-BE54-9A1E7A4F7556}") = "eCommmerce.SharedLibrary", "..\DemoEcommerce.SharedLibrarySolution\eCommmerce.SharedLibrary\eCommmerce.SharedLibrary.csproj", "{5B01EEFB-6941-4B1C-A794-CF2E68ECB409}"
EndProject
Global
	GlobalSection(SolutionConfigurationPlatforms) = preSolution
		Debug|Any CPU = Debug|Any CPU
		Release|Any CPU = Release|Any CPU
	EndGlobalSection
	GlobalSection(ProjectConfigurationPlatforms) = postSolution
		{9B0F384F-AC90-4423-9542-C99322D7983B}.Debug|Any CPU.ActiveCfg = Debug|Any CPU
		{9B0F384F-AC90-4423-9542-C99322D7983B}.Debug|Any CPU.Build.0 = Debug|Any CPU
		{9B0F384F-AC90-4423-9542-C99322D7983B}.Release|Any CPU.ActiveCfg = Release|Any CPU
		{9B0F384F-AC90-4423-9542-C99322D7983B}.Release|Any CPU.Build.0 = Release|Any CPU
		{D3D3E79F-5DD6-45D3-B05B-72F954105338}.Debug|Any CPU.ActiveCfg = Debug|Any CPU
		{D3D3E79F-5DD6-45D3-B05B-72F954105338}.Debug|Any CPU.Build.0 = Debug|Any CPU
		{D3D3E79F-5DD6-45D3-B05B-72F954105338}.Release|Any CPU.ActiveCfg = Release|Any CPU
		{D3D3E79F-5DD6-45D3-B05B-72F954105338}.Release|Any CPU.Build.0 = Release|Any CPU
		{CECF2855-BADF-4DB2-968F-21981ADBD58D}.Debug|Any CPU.ActiveCfg = Debug|Any CPU
		{CECF2855-BADF-4DB2-968F-21981ADBD58D}.Debug|Any CPU.Build.0 = Debug|Any CPU
		{CECF2855-BADF-4DB2-968F-21981ADBD58D}.Release|Any CPU.ActiveCfg = Release|Any CPU
		{CECF2855-BADF-4DB2-968F-21981ADBD58D}.Release|Any CPU.Build.0 = Release|Any CPU
		{FFF4C765-592A-46F8-A378-674794DB0D58}.Debug|Any CPU.ActiveCfg = Debug|Any CPU
		{FFF4C765-592A-46F8-A378-674794DB0D58}.Debug|Any CPU.Build.0 = Debug|Any CPU
		{FFF4C765-592A-46F8-A378-674794DB0D58}.Release|Any CPU.ActiveCfg = Release|Any CPU
		{FFF4C765-592A-46F8-A378-674794DB0D58}.Release|Any CPU.Build.0 = Release|Any CPU
		{5B01EEFB-6941-4B1C-A794-CF2E68ECB409}.Debug|Any CPU.ActiveCfg = Debug|Any CPU
		{5B01EEFB-6941-4B1C-A794-CF2E68ECB409}.Debug|Any CPU.Build.0 = Debug|Any CPU
		{5B01EEFB-6941-4B1C-A794-CF2E68ECB409}.Release|Any CPU.ActiveCfg = Release|Any CPU
		{5B01EEFB-6941-4B1C-A794-CF2E68ECB409}.Release|Any CPU.Build.0 = Release|Any CPU
	EndGlobalSection
	GlobalSection(SolutionProperties) = preSolution
		HideSolutionNode = FALSE
	EndGlobalSection
	GlobalSection(ExtensibilityGlobals) = postSolution
		SolutionGuid = {F0BFAFFD-036F-420E-A20C-2B428CADA6BD}
	EndGlobalSection
EndGlobal
